
Microsoft Visual Studio Solution File, Format Version 12.00
# Visual Studio Version 17
VisualStudioVersion = 17.4.33205.214
MinimumVisualStudioVersion = 10.0.40219.1
Project("{9A19103F-16F7-4668-BE54-9A1E7A4F7556}") = "Advent.Common", "Advent.Common\Advent.Common.csproj", "{666A1EBB-5B9A-4C8F-BF9F-F60212FC12AC}"
EndProject
Project("{2150E333-8FDC-42A3-9474-1A3956D46DE8}") = "2023", "2023", "{F9B6B0CE-1004-40F5-882C-141873249D8B}"
EndProject
Project("{2150E333-8FDC-42A3-9474-1A3956D46DE8}") = "0", "0", "{EEA207D0-FC39-45B7-9C6F-1B7F9262B868}"
EndProject
Project("{9A19103F-16F7-4668-BE54-9A1E7A4F7556}") = "A2023.Problem01", "2023\A2023.Problem01\A2023.Problem01.csproj", "{2E86A721-D84A-492D-B755-03DB43D25F16}"
EndProject
Project("{9A19103F-16F7-4668-BE54-9A1E7A4F7556}") = "Advent.BaseTests", "Advent.BaseTests\Advent.BaseTests.csproj", "{23CE99AA-2938-4A63-818B-A9D197D75812}"
EndProject
Project("{9A19103F-16F7-4668-BE54-9A1E7A4F7556}") = "A2023.Tests", "2023\A2023.Tests\A2023.Tests.csproj", "{9D46B699-47B3-4079-A167-538C90F0401A}"
EndProject
Project("{9A19103F-16F7-4668-BE54-9A1E7A4F7556}") = "A2023.Problem02", "2023\A2023.Problem02\A2023.Problem02.csproj", "{13FAF128-3D57-401E-8379-083675933AC4}"
EndProject
Project("{9A19103F-16F7-4668-BE54-9A1E7A4F7556}") = "A2023.Problem03", "2023\A2023.Problem03\A2023.Problem03.csproj", "{F41F553A-6BD1-4E3D-8B6E-BBA16A105E7D}"
EndProject
Project("{9A19103F-16F7-4668-BE54-9A1E7A4F7556}") = "A2023.Problem04", "2023\A2023.Problem04\A2023.Problem04.csproj", "{7C202836-A660-42DB-B0F6-6637970FB9D9}"
EndProject
Project("{9A19103F-16F7-4668-BE54-9A1E7A4F7556}") = "A2023.Problem05", "2023\A2023.Problem05\A2023.Problem05.csproj", "{6441BC1C-A9AF-4073-9DFE-098B0F4C927E}"
EndProject
Project("{9A19103F-16F7-4668-BE54-9A1E7A4F7556}") = "A2023.Problem06", "2023\A2023.Problem06\A2023.Problem06.csproj", "{B54C67B3-6BC9-4533-913F-5E5E003D87A7}"
EndProject
Project("{9A19103F-16F7-4668-BE54-9A1E7A4F7556}") = "A2023.Problem07", "2023\A2023.Problem07\A2023.Problem07.csproj", "{83E6A5A4-DA1C-4CF2-B21E-424FCD19CA5B}"
EndProject
Project("{9A19103F-16F7-4668-BE54-9A1E7A4F7556}") = "A2023.Problem08", "2023\A2023.Problem08\A2023.Problem08.csproj", "{DEDD1FF4-A92E-426B-BDD7-06625AB319DB}"
EndProject
Global
	GlobalSection(SolutionConfigurationPlatforms) = preSolution
		Debug|Any CPU = Debug|Any CPU
		Release|Any CPU = Release|Any CPU
	EndGlobalSection
	GlobalSection(ProjectConfigurationPlatforms) = postSolution
		{666A1EBB-5B9A-4C8F-BF9F-F60212FC12AC}.Debug|Any CPU.ActiveCfg = Debug|Any CPU
		{666A1EBB-5B9A-4C8F-BF9F-F60212FC12AC}.Debug|Any CPU.Build.0 = Debug|Any CPU
		{666A1EBB-5B9A-4C8F-BF9F-F60212FC12AC}.Release|Any CPU.ActiveCfg = Release|Any CPU
		{666A1EBB-5B9A-4C8F-BF9F-F60212FC12AC}.Release|Any CPU.Build.0 = Release|Any CPU
		{2E86A721-D84A-492D-B755-03DB43D25F16}.Debug|Any CPU.ActiveCfg = Debug|Any CPU
		{2E86A721-D84A-492D-B755-03DB43D25F16}.Debug|Any CPU.Build.0 = Debug|Any CPU
		{2E86A721-D84A-492D-B755-03DB43D25F16}.Release|Any CPU.ActiveCfg = Release|Any CPU
		{2E86A721-D84A-492D-B755-03DB43D25F16}.Release|Any CPU.Build.0 = Release|Any CPU
		{23CE99AA-2938-4A63-818B-A9D197D75812}.Debug|Any CPU.ActiveCfg = Debug|Any CPU
		{23CE99AA-2938-4A63-818B-A9D197D75812}.Debug|Any CPU.Build.0 = Debug|Any CPU
		{23CE99AA-2938-4A63-818B-A9D197D75812}.Release|Any CPU.ActiveCfg = Release|Any CPU
		{23CE99AA-2938-4A63-818B-A9D197D75812}.Release|Any CPU.Build.0 = Release|Any CPU
		{9D46B699-47B3-4079-A167-538C90F0401A}.Debug|Any CPU.ActiveCfg = Debug|Any CPU
		{9D46B699-47B3-4079-A167-538C90F0401A}.Debug|Any CPU.Build.0 = Debug|Any CPU
		{9D46B699-47B3-4079-A167-538C90F0401A}.Release|Any CPU.ActiveCfg = Release|Any CPU
		{9D46B699-47B3-4079-A167-538C90F0401A}.Release|Any CPU.Build.0 = Release|Any CPU
		{13FAF128-3D57-401E-8379-083675933AC4}.Debug|Any CPU.ActiveCfg = Debug|Any CPU
		{13FAF128-3D57-401E-8379-083675933AC4}.Debug|Any CPU.Build.0 = Debug|Any CPU
		{13FAF128-3D57-401E-8379-083675933AC4}.Release|Any CPU.ActiveCfg = Release|Any CPU
		{13FAF128-3D57-401E-8379-083675933AC4}.Release|Any CPU.Build.0 = Release|Any CPU
		{F41F553A-6BD1-4E3D-8B6E-BBA16A105E7D}.Debug|Any CPU.ActiveCfg = Debug|Any CPU
		{F41F553A-6BD1-4E3D-8B6E-BBA16A105E7D}.Debug|Any CPU.Build.0 = Debug|Any CPU
		{F41F553A-6BD1-4E3D-8B6E-BBA16A105E7D}.Release|Any CPU.ActiveCfg = Release|Any CPU
		{F41F553A-6BD1-4E3D-8B6E-BBA16A105E7D}.Release|Any CPU.Build.0 = Release|Any CPU
		{7C202836-A660-42DB-B0F6-6637970FB9D9}.Debug|Any CPU.ActiveCfg = Debug|Any CPU
		{7C202836-A660-42DB-B0F6-6637970FB9D9}.Debug|Any CPU.Build.0 = Debug|Any CPU
		{7C202836-A660-42DB-B0F6-6637970FB9D9}.Release|Any CPU.ActiveCfg = Release|Any CPU
		{7C202836-A660-42DB-B0F6-6637970FB9D9}.Release|Any CPU.Build.0 = Release|Any CPU
		{6441BC1C-A9AF-4073-9DFE-098B0F4C927E}.Debug|Any CPU.ActiveCfg = Debug|Any CPU
		{6441BC1C-A9AF-4073-9DFE-098B0F4C927E}.Debug|Any CPU.Build.0 = Debug|Any CPU
		{6441BC1C-A9AF-4073-9DFE-098B0F4C927E}.Release|Any CPU.ActiveCfg = Release|Any CPU
		{6441BC1C-A9AF-4073-9DFE-098B0F4C927E}.Release|Any CPU.Build.0 = Release|Any CPU
		{B54C67B3-6BC9-4533-913F-5E5E003D87A7}.Debug|Any CPU.ActiveCfg = Debug|Any CPU
		{B54C67B3-6BC9-4533-913F-5E5E003D87A7}.Debug|Any CPU.Build.0 = Debug|Any CPU
		{B54C67B3-6BC9-4533-913F-5E5E003D87A7}.Release|Any CPU.ActiveCfg = Release|Any CPU
		{B54C67B3-6BC9-4533-913F-5E5E003D87A7}.Release|Any CPU.Build.0 = Release|Any CPU
		{83E6A5A4-DA1C-4CF2-B21E-424FCD19CA5B}.Debug|Any CPU.ActiveCfg = Debug|Any CPU
		{83E6A5A4-DA1C-4CF2-B21E-424FCD19CA5B}.Debug|Any CPU.Build.0 = Debug|Any CPU
		{83E6A5A4-DA1C-4CF2-B21E-424FCD19CA5B}.Release|Any CPU.ActiveCfg = Release|Any CPU
		{83E6A5A4-DA1C-4CF2-B21E-424FCD19CA5B}.Release|Any CPU.Build.0 = Release|Any CPU
		{DEDD1FF4-A92E-426B-BDD7-06625AB319DB}.Debug|Any CPU.ActiveCfg = Debug|Any CPU
		{DEDD1FF4-A92E-426B-BDD7-06625AB319DB}.Debug|Any CPU.Build.0 = Debug|Any CPU
		{DEDD1FF4-A92E-426B-BDD7-06625AB319DB}.Release|Any CPU.ActiveCfg = Release|Any CPU
		{DEDD1FF4-A92E-426B-BDD7-06625AB319DB}.Release|Any CPU.Build.0 = Release|Any CPU
	EndGlobalSection
	GlobalSection(SolutionProperties) = preSolution
		HideSolutionNode = FALSE
	EndGlobalSection
	GlobalSection(NestedProjects) = preSolution
		{EEA207D0-FC39-45B7-9C6F-1B7F9262B868} = {F9B6B0CE-1004-40F5-882C-141873249D8B}
		{2E86A721-D84A-492D-B755-03DB43D25F16} = {EEA207D0-FC39-45B7-9C6F-1B7F9262B868}
		{9D46B699-47B3-4079-A167-538C90F0401A} = {F9B6B0CE-1004-40F5-882C-141873249D8B}
		{13FAF128-3D57-401E-8379-083675933AC4} = {EEA207D0-FC39-45B7-9C6F-1B7F9262B868}
		{F41F553A-6BD1-4E3D-8B6E-BBA16A105E7D} = {EEA207D0-FC39-45B7-9C6F-1B7F9262B868}
		{7C202836-A660-42DB-B0F6-6637970FB9D9} = {EEA207D0-FC39-45B7-9C6F-1B7F9262B868}
		{6441BC1C-A9AF-4073-9DFE-098B0F4C927E} = {EEA207D0-FC39-45B7-9C6F-1B7F9262B868}
		{B54C67B3-6BC9-4533-913F-5E5E003D87A7} = {EEA207D0-FC39-45B7-9C6F-1B7F9262B868}
		{83E6A5A4-DA1C-4CF2-B21E-424FCD19CA5B} = {EEA207D0-FC39-45B7-9C6F-1B7F9262B868}
		{DEDD1FF4-A92E-426B-BDD7-06625AB319DB} = {EEA207D0-FC39-45B7-9C6F-1B7F9262B868}
	EndGlobalSection
	GlobalSection(ExtensibilityGlobals) = postSolution
		SolutionGuid = {21222DBD-576D-48FA-9519-578BE22A3CC1}
	EndGlobalSection
EndGlobal
