
Microsoft Visual Studio Solution File, Format Version 12.00
# Visual Studio Version 17
VisualStudioVersion = 17.4.33205.214
MinimumVisualStudioVersion = 10.0.40219.1
Project("{9A19103F-16F7-4668-BE54-9A1E7A4F7556}") = "Advent.Common", "Advent.Common\Advent.Common.csproj", "{666A1EBB-5B9A-4C8F-BF9F-F60212FC12AC}"
EndProject
Project("{2150E333-8FDC-42A3-9474-1A3956D46DE8}") = "2023", "2023", "{F9B6B0CE-1004-40F5-882C-141873249D8B}"
EndProject
Project("{2150E333-8FDC-42A3-9474-1A3956D46DE8}") = "0", "0", "{EEA207D0-FC39-45B7-9C6F-1B7F9262B868}"
EndProject
Project("{9A19103F-16F7-4668-BE54-9A1E7A4F7556}") = "A2023.Problem01", "2023\A2023.Problem01\A2023.Problem01.csproj", "{2E86A721-D84A-492D-B755-03DB43D25F16}"
EndProject
Project("{9A19103F-16F7-4668-BE54-9A1E7A4F7556}") = "Advent.BaseTests", "Advent.BaseTests\Advent.BaseTests.csproj", "{23CE99AA-2938-4A63-818B-A9D197D75812}"
EndProject
Project("{9A19103F-16F7-4668-BE54-9A1E7A4F7556}") = "A2023.Tests", "2023\A2023.Tests\A2023.Tests.csproj", "{9D46B699-47B3-4079-A167-538C90F0401A}"
EndProject
Project("{9A19103F-16F7-4668-BE54-9A1E7A4F7556}") = "A2023.Problem02", "2023\A2023.Problem02\A2023.Problem02.csproj", "{13FAF128-3D57-401E-8379-083675933AC4}"
EndProject
Project("{9A19103F-16F7-4668-BE54-9A1E7A4F7556}") = "A2023.Problem03", "2023\A2023.Problem03\A2023.Problem03.csproj", "{F41F553A-6BD1-4E3D-8B6E-BBA16A105E7D}"
EndProject
Project("{9A19103F-16F7-4668-BE54-9A1E7A4F7556}") = "A2023.Problem04", "2023\A2023.Problem04\A2023.Problem04.csproj", "{7C202836-A660-42DB-B0F6-6637970FB9D9}"
EndProject
Project("{9A19103F-16F7-4668-BE54-9A1E7A4F7556}") = "A2023.Problem05", "2023\A2023.Problem05\A2023.Problem05.csproj", "{6441BC1C-A9AF-4073-9DFE-098B0F4C927E}"
EndProject
Project("{9A19103F-16F7-4668-BE54-9A1E7A4F7556}") = "A2023.Problem06", "2023\A2023.Problem06\A2023.Problem06.csproj", "{B54C67B3-6BC9-4533-913F-5E5E003D87A7}"
EndProject
Project("{9A19103F-16F7-4668-BE54-9A1E7A4F7556}") = "A2023.Problem07", "2023\A2023.Problem07\A2023.Problem07.csproj", "{83E6A5A4-DA1C-4CF2-B21E-424FCD19CA5B}"
EndProject
Project("{9A19103F-16F7-4668-BE54-9A1E7A4F7556}") = "A2023.Problem08", "2023\A2023.Problem08\A2023.Problem08.csproj", "{DEDD1FF4-A92E-426B-BDD7-06625AB319DB}"
EndProject
Project("{2150E333-8FDC-42A3-9474-1A3956D46DE8}") = "2021", "2021", "{83F9226C-C144-4CD6-B058-88A0D16E18E1}"
EndProject
Project("{2150E333-8FDC-42A3-9474-1A3956D46DE8}") = "0", "0", "{C344AFBC-6A31-42B9-9CFA-BE749D5D3BAE}"
EndProject
Project("{9A19103F-16F7-4668-BE54-9A1E7A4F7556}") = "A2021.Problem01", "2021\A2021.Problem01\A2021.Problem01.csproj", "{663F36B2-E7A6-4F0B-90CD-351CD58DCB70}"
EndProject
Project("{9A19103F-16F7-4668-BE54-9A1E7A4F7556}") = "A2021.Problem02", "2021\A2021.Problem02\A2021.Problem02.csproj", "{73A278A3-8047-48C2-9043-A072F6375864}"
EndProject
Project("{9A19103F-16F7-4668-BE54-9A1E7A4F7556}") = "A2021.Problem03", "2021\A2021.Problem03\A2021.Problem03.csproj", "{B15E26A1-F130-4DB2-8F89-285F20EDE062}"
EndProject
Project("{9A19103F-16F7-4668-BE54-9A1E7A4F7556}") = "A2021.Problem04", "2021\A2021.Problem04\A2021.Problem04.csproj", "{36693E46-B489-45C1-AF5E-3E6CED76F981}"
EndProject
Project("{9A19103F-16F7-4668-BE54-9A1E7A4F7556}") = "A2021.Problem05", "2021\A2021.Problem05\A2021.Problem05.csproj", "{913801BB-DF93-44E1-80E0-3DA515698624}"
EndProject
Project("{9A19103F-16F7-4668-BE54-9A1E7A4F7556}") = "A2021.Problem06", "2021\A2021.Problem06\A2021.Problem06.csproj", "{4D5F8602-F0AA-4C31-8DA6-93D625502456}"
EndProject
Project("{9A19103F-16F7-4668-BE54-9A1E7A4F7556}") = "A2021.Problem07", "2021\A2021.Problem07\A2021.Problem07.csproj", "{D97F8FBB-2085-4AC1-8193-1250959FE014}"
EndProject
Project("{9A19103F-16F7-4668-BE54-9A1E7A4F7556}") = "A2021.Problem08", "2021\A2021.Problem08\A2021.Problem08.csproj", "{1EACE9DE-C9CB-48B3-999F-1BE5864ABE12}"
EndProject
Project("{9A19103F-16F7-4668-BE54-9A1E7A4F7556}") = "A2021.Problem09", "2021\A2021.Problem09\A2021.Problem09.csproj", "{621269BD-8215-4EAE-9826-DB612C86B0FF}"
EndProject
Project("{9A19103F-16F7-4668-BE54-9A1E7A4F7556}") = "A2021.Problem10", "2021\A2021.Problem10\A2021.Problem10.csproj", "{5CE3BBB5-2E2E-455F-A8A3-210A66402043}"
EndProject
Project("{2150E333-8FDC-42A3-9474-1A3956D46DE8}") = "10", "10", "{2325BAEC-D356-4295-9575-A59047FF47E9}"
EndProject
Project("{9A19103F-16F7-4668-BE54-9A1E7A4F7556}") = "A2021.Problem11", "2021\A2021.Problem11\A2021.Problem11.csproj", "{C4DCAFFB-AF3C-4FCC-9BC5-41A1522C2522}"
EndProject
Project("{9A19103F-16F7-4668-BE54-9A1E7A4F7556}") = "A2021.Problem12", "2021\A2021.Problem12\A2021.Problem12.csproj", "{1325E1FD-3945-405B-8DB6-B47198C6745B}"
EndProject
Project("{9A19103F-16F7-4668-BE54-9A1E7A4F7556}") = "A2021.Problem13", "2021\A2021.Problem13\A2021.Problem13.csproj", "{5A87CD7E-DA35-4F29-8E41-91F91A940E80}"
EndProject
Project("{9A19103F-16F7-4668-BE54-9A1E7A4F7556}") = "A2021.Tests", "2021\A2021.Tests\A2021.Tests.csproj", "{1B0C9E0D-2927-434C-839F-91EBE5D666CF}"
EndProject
Project("{9A19103F-16F7-4668-BE54-9A1E7A4F7556}") = "A2021.Problem14", "2021\A2021.Problem14\A2021.Problem14.csproj", "{DA0FC987-FAD1-413D-AC7C-51CBC7975841}"
EndProject
Project("{9A19103F-16F7-4668-BE54-9A1E7A4F7556}") = "A2021.Problem15", "2021\A2021.Problem15\A2021.Problem15.csproj", "{5EE6DD43-9BDC-43C5-9A40-8585B406E4B4}"
EndProject
Project("{9A19103F-16F7-4668-BE54-9A1E7A4F7556}") = "A2021.Problem16", "2021\A2021.Problem16\A2021.Problem16.csproj", "{5AD29E14-738C-4E0F-8D42-FBB9A9525EA4}"
EndProject
Project("{9A19103F-16F7-4668-BE54-9A1E7A4F7556}") = "A2021.Problem17", "2021\A2021.Problem17\A2021.Problem17.csproj", "{685B1914-41FA-446E-8576-68F6EEA56D3F}"
EndProject
Project("{9A19103F-16F7-4668-BE54-9A1E7A4F7556}") = "A2023.Problem09", "2023\A2023.Problem09\A2023.Problem09.csproj", "{4B5DB444-5B8F-4CA4-9673-47B0AA1F41A4}"
EndProject
Project("{9A19103F-16F7-4668-BE54-9A1E7A4F7556}") = "A2023.Problem10", "2023\A2023.Problem10\A2023.Problem10.csproj", "{345DC539-5235-4E71-85B5-E9E0B8E19384}"
EndProject
Project("{2150E333-8FDC-42A3-9474-1A3956D46DE8}") = "10", "10", "{4B61A28C-83B8-459F-8FB3-095EA39C5276}"
EndProject
Project("{9A19103F-16F7-4668-BE54-9A1E7A4F7556}") = "A2023.Problem11", "2023\A2023.Problem11\A2023.Problem11.csproj", "{21BAA6BA-16F7-4D6F-AB19-F08F1147836B}"
EndProject
Project("{9A19103F-16F7-4668-BE54-9A1E7A4F7556}") = "A2023.Problem12", "2023\A2023.Problem12\A2023.Problem12.csproj", "{4C0E7645-9C68-4941-8F43-3CE19356EC97}"
EndProject
Project("{9A19103F-16F7-4668-BE54-9A1E7A4F7556}") = "A2023.Problem13", "2023\A2023.Problem13\A2023.Problem13.csproj", "{F78B760F-4255-4F8D-9895-19132AF289D2}"
EndProject
Project("{9A19103F-16F7-4668-BE54-9A1E7A4F7556}") = "A2023.Problem14", "2023\A2023.Problem14\A2023.Problem14.csproj", "{259817A9-74DD-4632-B59C-827EF9BE0C4F}"
EndProject
Project("{9A19103F-16F7-4668-BE54-9A1E7A4F7556}") = "A2023.Problem15", "2023\A2023.Problem15\A2023.Problem15.csproj", "{5EFAE97C-9399-4ACC-A23B-CAADD0F25293}"
EndProject
Project("{9A19103F-16F7-4668-BE54-9A1E7A4F7556}") = "A2023.Problem16", "2023\A2023.Problem16\A2023.Problem16.csproj", "{041656BC-1247-4C57-ABC4-73F71A7D8CEC}"
EndProject
Project("{9A19103F-16F7-4668-BE54-9A1E7A4F7556}") = "A2023.Problem17", "2023\A2023.Problem17\A2023.Problem17.csproj", "{0B3001B9-126C-403D-BF89-92E70623962E}"
EndProject
Project("{9A19103F-16F7-4668-BE54-9A1E7A4F7556}") = "A2023.Problem18", "2023\A2023.Problem18\A2023.Problem18.csproj", "{ED5257D2-83DB-4830-8E11-A1B63E0ADF97}"
EndProject
Project("{9A19103F-16F7-4668-BE54-9A1E7A4F7556}") = "A2023.Problem19", "2023\A2023.Problem19\A2023.Problem19.csproj", "{6A93C272-15A7-48DE-B706-E45D43382F58}"
EndProject
Global
	GlobalSection(SolutionConfigurationPlatforms) = preSolution
		Debug|Any CPU = Debug|Any CPU
		Release|Any CPU = Release|Any CPU
	EndGlobalSection
	GlobalSection(ProjectConfigurationPlatforms) = postSolution
		{666A1EBB-5B9A-4C8F-BF9F-F60212FC12AC}.Debug|Any CPU.ActiveCfg = Debug|Any CPU
		{666A1EBB-5B9A-4C8F-BF9F-F60212FC12AC}.Debug|Any CPU.Build.0 = Debug|Any CPU
		{666A1EBB-5B9A-4C8F-BF9F-F60212FC12AC}.Release|Any CPU.ActiveCfg = Release|Any CPU
		{666A1EBB-5B9A-4C8F-BF9F-F60212FC12AC}.Release|Any CPU.Build.0 = Release|Any CPU
		{2E86A721-D84A-492D-B755-03DB43D25F16}.Debug|Any CPU.ActiveCfg = Debug|Any CPU
		{2E86A721-D84A-492D-B755-03DB43D25F16}.Debug|Any CPU.Build.0 = Debug|Any CPU
		{2E86A721-D84A-492D-B755-03DB43D25F16}.Release|Any CPU.ActiveCfg = Release|Any CPU
		{2E86A721-D84A-492D-B755-03DB43D25F16}.Release|Any CPU.Build.0 = Release|Any CPU
		{23CE99AA-2938-4A63-818B-A9D197D75812}.Debug|Any CPU.ActiveCfg = Debug|Any CPU
		{23CE99AA-2938-4A63-818B-A9D197D75812}.Debug|Any CPU.Build.0 = Debug|Any CPU
		{23CE99AA-2938-4A63-818B-A9D197D75812}.Release|Any CPU.ActiveCfg = Release|Any CPU
		{23CE99AA-2938-4A63-818B-A9D197D75812}.Release|Any CPU.Build.0 = Release|Any CPU
		{9D46B699-47B3-4079-A167-538C90F0401A}.Debug|Any CPU.ActiveCfg = Debug|Any CPU
		{9D46B699-47B3-4079-A167-538C90F0401A}.Debug|Any CPU.Build.0 = Debug|Any CPU
		{9D46B699-47B3-4079-A167-538C90F0401A}.Release|Any CPU.ActiveCfg = Release|Any CPU
		{9D46B699-47B3-4079-A167-538C90F0401A}.Release|Any CPU.Build.0 = Release|Any CPU
		{13FAF128-3D57-401E-8379-083675933AC4}.Debug|Any CPU.ActiveCfg = Debug|Any CPU
		{13FAF128-3D57-401E-8379-083675933AC4}.Debug|Any CPU.Build.0 = Debug|Any CPU
		{13FAF128-3D57-401E-8379-083675933AC4}.Release|Any CPU.ActiveCfg = Release|Any CPU
		{13FAF128-3D57-401E-8379-083675933AC4}.Release|Any CPU.Build.0 = Release|Any CPU
		{F41F553A-6BD1-4E3D-8B6E-BBA16A105E7D}.Debug|Any CPU.ActiveCfg = Debug|Any CPU
		{F41F553A-6BD1-4E3D-8B6E-BBA16A105E7D}.Debug|Any CPU.Build.0 = Debug|Any CPU
		{F41F553A-6BD1-4E3D-8B6E-BBA16A105E7D}.Release|Any CPU.ActiveCfg = Release|Any CPU
		{F41F553A-6BD1-4E3D-8B6E-BBA16A105E7D}.Release|Any CPU.Build.0 = Release|Any CPU
		{7C202836-A660-42DB-B0F6-6637970FB9D9}.Debug|Any CPU.ActiveCfg = Debug|Any CPU
		{7C202836-A660-42DB-B0F6-6637970FB9D9}.Debug|Any CPU.Build.0 = Debug|Any CPU
		{7C202836-A660-42DB-B0F6-6637970FB9D9}.Release|Any CPU.ActiveCfg = Release|Any CPU
		{7C202836-A660-42DB-B0F6-6637970FB9D9}.Release|Any CPU.Build.0 = Release|Any CPU
		{6441BC1C-A9AF-4073-9DFE-098B0F4C927E}.Debug|Any CPU.ActiveCfg = Debug|Any CPU
		{6441BC1C-A9AF-4073-9DFE-098B0F4C927E}.Debug|Any CPU.Build.0 = Debug|Any CPU
		{6441BC1C-A9AF-4073-9DFE-098B0F4C927E}.Release|Any CPU.ActiveCfg = Release|Any CPU
		{6441BC1C-A9AF-4073-9DFE-098B0F4C927E}.Release|Any CPU.Build.0 = Release|Any CPU
		{B54C67B3-6BC9-4533-913F-5E5E003D87A7}.Debug|Any CPU.ActiveCfg = Debug|Any CPU
		{B54C67B3-6BC9-4533-913F-5E5E003D87A7}.Debug|Any CPU.Build.0 = Debug|Any CPU
		{B54C67B3-6BC9-4533-913F-5E5E003D87A7}.Release|Any CPU.ActiveCfg = Release|Any CPU
		{B54C67B3-6BC9-4533-913F-5E5E003D87A7}.Release|Any CPU.Build.0 = Release|Any CPU
		{83E6A5A4-DA1C-4CF2-B21E-424FCD19CA5B}.Debug|Any CPU.ActiveCfg = Debug|Any CPU
		{83E6A5A4-DA1C-4CF2-B21E-424FCD19CA5B}.Debug|Any CPU.Build.0 = Debug|Any CPU
		{83E6A5A4-DA1C-4CF2-B21E-424FCD19CA5B}.Release|Any CPU.ActiveCfg = Release|Any CPU
		{83E6A5A4-DA1C-4CF2-B21E-424FCD19CA5B}.Release|Any CPU.Build.0 = Release|Any CPU
		{DEDD1FF4-A92E-426B-BDD7-06625AB319DB}.Debug|Any CPU.ActiveCfg = Debug|Any CPU
		{DEDD1FF4-A92E-426B-BDD7-06625AB319DB}.Debug|Any CPU.Build.0 = Debug|Any CPU
		{DEDD1FF4-A92E-426B-BDD7-06625AB319DB}.Release|Any CPU.ActiveCfg = Release|Any CPU
		{DEDD1FF4-A92E-426B-BDD7-06625AB319DB}.Release|Any CPU.Build.0 = Release|Any CPU
		{663F36B2-E7A6-4F0B-90CD-351CD58DCB70}.Debug|Any CPU.ActiveCfg = Debug|Any CPU
		{663F36B2-E7A6-4F0B-90CD-351CD58DCB70}.Debug|Any CPU.Build.0 = Debug|Any CPU
		{663F36B2-E7A6-4F0B-90CD-351CD58DCB70}.Release|Any CPU.ActiveCfg = Release|Any CPU
		{663F36B2-E7A6-4F0B-90CD-351CD58DCB70}.Release|Any CPU.Build.0 = Release|Any CPU
		{73A278A3-8047-48C2-9043-A072F6375864}.Debug|Any CPU.ActiveCfg = Debug|Any CPU
		{73A278A3-8047-48C2-9043-A072F6375864}.Debug|Any CPU.Build.0 = Debug|Any CPU
		{73A278A3-8047-48C2-9043-A072F6375864}.Release|Any CPU.ActiveCfg = Release|Any CPU
		{73A278A3-8047-48C2-9043-A072F6375864}.Release|Any CPU.Build.0 = Release|Any CPU
		{B15E26A1-F130-4DB2-8F89-285F20EDE062}.Debug|Any CPU.ActiveCfg = Debug|Any CPU
		{B15E26A1-F130-4DB2-8F89-285F20EDE062}.Debug|Any CPU.Build.0 = Debug|Any CPU
		{B15E26A1-F130-4DB2-8F89-285F20EDE062}.Release|Any CPU.ActiveCfg = Release|Any CPU
		{B15E26A1-F130-4DB2-8F89-285F20EDE062}.Release|Any CPU.Build.0 = Release|Any CPU
		{36693E46-B489-45C1-AF5E-3E6CED76F981}.Debug|Any CPU.ActiveCfg = Debug|Any CPU
		{36693E46-B489-45C1-AF5E-3E6CED76F981}.Debug|Any CPU.Build.0 = Debug|Any CPU
		{36693E46-B489-45C1-AF5E-3E6CED76F981}.Release|Any CPU.ActiveCfg = Release|Any CPU
		{36693E46-B489-45C1-AF5E-3E6CED76F981}.Release|Any CPU.Build.0 = Release|Any CPU
		{913801BB-DF93-44E1-80E0-3DA515698624}.Debug|Any CPU.ActiveCfg = Debug|Any CPU
		{913801BB-DF93-44E1-80E0-3DA515698624}.Debug|Any CPU.Build.0 = Debug|Any CPU
		{913801BB-DF93-44E1-80E0-3DA515698624}.Release|Any CPU.ActiveCfg = Release|Any CPU
		{913801BB-DF93-44E1-80E0-3DA515698624}.Release|Any CPU.Build.0 = Release|Any CPU
		{4D5F8602-F0AA-4C31-8DA6-93D625502456}.Debug|Any CPU.ActiveCfg = Debug|Any CPU
		{4D5F8602-F0AA-4C31-8DA6-93D625502456}.Debug|Any CPU.Build.0 = Debug|Any CPU
		{4D5F8602-F0AA-4C31-8DA6-93D625502456}.Release|Any CPU.ActiveCfg = Release|Any CPU
		{4D5F8602-F0AA-4C31-8DA6-93D625502456}.Release|Any CPU.Build.0 = Release|Any CPU
		{D97F8FBB-2085-4AC1-8193-1250959FE014}.Debug|Any CPU.ActiveCfg = Debug|Any CPU
		{D97F8FBB-2085-4AC1-8193-1250959FE014}.Debug|Any CPU.Build.0 = Debug|Any CPU
		{D97F8FBB-2085-4AC1-8193-1250959FE014}.Release|Any CPU.ActiveCfg = Release|Any CPU
		{D97F8FBB-2085-4AC1-8193-1250959FE014}.Release|Any CPU.Build.0 = Release|Any CPU
		{1EACE9DE-C9CB-48B3-999F-1BE5864ABE12}.Debug|Any CPU.ActiveCfg = Debug|Any CPU
		{1EACE9DE-C9CB-48B3-999F-1BE5864ABE12}.Debug|Any CPU.Build.0 = Debug|Any CPU
		{1EACE9DE-C9CB-48B3-999F-1BE5864ABE12}.Release|Any CPU.ActiveCfg = Release|Any CPU
		{1EACE9DE-C9CB-48B3-999F-1BE5864ABE12}.Release|Any CPU.Build.0 = Release|Any CPU
		{621269BD-8215-4EAE-9826-DB612C86B0FF}.Debug|Any CPU.ActiveCfg = Debug|Any CPU
		{621269BD-8215-4EAE-9826-DB612C86B0FF}.Debug|Any CPU.Build.0 = Debug|Any CPU
		{621269BD-8215-4EAE-9826-DB612C86B0FF}.Release|Any CPU.ActiveCfg = Release|Any CPU
		{621269BD-8215-4EAE-9826-DB612C86B0FF}.Release|Any CPU.Build.0 = Release|Any CPU
		{5CE3BBB5-2E2E-455F-A8A3-210A66402043}.Debug|Any CPU.ActiveCfg = Debug|Any CPU
		{5CE3BBB5-2E2E-455F-A8A3-210A66402043}.Debug|Any CPU.Build.0 = Debug|Any CPU
		{5CE3BBB5-2E2E-455F-A8A3-210A66402043}.Release|Any CPU.ActiveCfg = Release|Any CPU
		{5CE3BBB5-2E2E-455F-A8A3-210A66402043}.Release|Any CPU.Build.0 = Release|Any CPU
		{C4DCAFFB-AF3C-4FCC-9BC5-41A1522C2522}.Debug|Any CPU.ActiveCfg = Debug|Any CPU
		{C4DCAFFB-AF3C-4FCC-9BC5-41A1522C2522}.Debug|Any CPU.Build.0 = Debug|Any CPU
		{C4DCAFFB-AF3C-4FCC-9BC5-41A1522C2522}.Release|Any CPU.ActiveCfg = Release|Any CPU
		{C4DCAFFB-AF3C-4FCC-9BC5-41A1522C2522}.Release|Any CPU.Build.0 = Release|Any CPU
		{1325E1FD-3945-405B-8DB6-B47198C6745B}.Debug|Any CPU.ActiveCfg = Debug|Any CPU
		{1325E1FD-3945-405B-8DB6-B47198C6745B}.Debug|Any CPU.Build.0 = Debug|Any CPU
		{1325E1FD-3945-405B-8DB6-B47198C6745B}.Release|Any CPU.ActiveCfg = Release|Any CPU
		{1325E1FD-3945-405B-8DB6-B47198C6745B}.Release|Any CPU.Build.0 = Release|Any CPU
		{5A87CD7E-DA35-4F29-8E41-91F91A940E80}.Debug|Any CPU.ActiveCfg = Debug|Any CPU
		{5A87CD7E-DA35-4F29-8E41-91F91A940E80}.Debug|Any CPU.Build.0 = Debug|Any CPU
		{5A87CD7E-DA35-4F29-8E41-91F91A940E80}.Release|Any CPU.ActiveCfg = Release|Any CPU
		{5A87CD7E-DA35-4F29-8E41-91F91A940E80}.Release|Any CPU.Build.0 = Release|Any CPU
		{1B0C9E0D-2927-434C-839F-91EBE5D666CF}.Debug|Any CPU.ActiveCfg = Debug|Any CPU
		{1B0C9E0D-2927-434C-839F-91EBE5D666CF}.Debug|Any CPU.Build.0 = Debug|Any CPU
		{1B0C9E0D-2927-434C-839F-91EBE5D666CF}.Release|Any CPU.ActiveCfg = Release|Any CPU
		{1B0C9E0D-2927-434C-839F-91EBE5D666CF}.Release|Any CPU.Build.0 = Release|Any CPU
		{DA0FC987-FAD1-413D-AC7C-51CBC7975841}.Debug|Any CPU.ActiveCfg = Debug|Any CPU
		{DA0FC987-FAD1-413D-AC7C-51CBC7975841}.Debug|Any CPU.Build.0 = Debug|Any CPU
		{DA0FC987-FAD1-413D-AC7C-51CBC7975841}.Release|Any CPU.ActiveCfg = Release|Any CPU
		{DA0FC987-FAD1-413D-AC7C-51CBC7975841}.Release|Any CPU.Build.0 = Release|Any CPU
		{5EE6DD43-9BDC-43C5-9A40-8585B406E4B4}.Debug|Any CPU.ActiveCfg = Debug|Any CPU
		{5EE6DD43-9BDC-43C5-9A40-8585B406E4B4}.Debug|Any CPU.Build.0 = Debug|Any CPU
		{5EE6DD43-9BDC-43C5-9A40-8585B406E4B4}.Release|Any CPU.ActiveCfg = Release|Any CPU
		{5EE6DD43-9BDC-43C5-9A40-8585B406E4B4}.Release|Any CPU.Build.0 = Release|Any CPU
		{5AD29E14-738C-4E0F-8D42-FBB9A9525EA4}.Debug|Any CPU.ActiveCfg = Debug|Any CPU
		{5AD29E14-738C-4E0F-8D42-FBB9A9525EA4}.Debug|Any CPU.Build.0 = Debug|Any CPU
		{5AD29E14-738C-4E0F-8D42-FBB9A9525EA4}.Release|Any CPU.ActiveCfg = Release|Any CPU
		{5AD29E14-738C-4E0F-8D42-FBB9A9525EA4}.Release|Any CPU.Build.0 = Release|Any CPU
		{685B1914-41FA-446E-8576-68F6EEA56D3F}.Debug|Any CPU.ActiveCfg = Debug|Any CPU
		{685B1914-41FA-446E-8576-68F6EEA56D3F}.Debug|Any CPU.Build.0 = Debug|Any CPU
		{685B1914-41FA-446E-8576-68F6EEA56D3F}.Release|Any CPU.ActiveCfg = Release|Any CPU
		{685B1914-41FA-446E-8576-68F6EEA56D3F}.Release|Any CPU.Build.0 = Release|Any CPU
		{4B5DB444-5B8F-4CA4-9673-47B0AA1F41A4}.Debug|Any CPU.ActiveCfg = Debug|Any CPU
		{4B5DB444-5B8F-4CA4-9673-47B0AA1F41A4}.Debug|Any CPU.Build.0 = Debug|Any CPU
		{4B5DB444-5B8F-4CA4-9673-47B0AA1F41A4}.Release|Any CPU.ActiveCfg = Release|Any CPU
		{4B5DB444-5B8F-4CA4-9673-47B0AA1F41A4}.Release|Any CPU.Build.0 = Release|Any CPU
		{345DC539-5235-4E71-85B5-E9E0B8E19384}.Debug|Any CPU.ActiveCfg = Debug|Any CPU
		{345DC539-5235-4E71-85B5-E9E0B8E19384}.Debug|Any CPU.Build.0 = Debug|Any CPU
		{345DC539-5235-4E71-85B5-E9E0B8E19384}.Release|Any CPU.ActiveCfg = Release|Any CPU
		{345DC539-5235-4E71-85B5-E9E0B8E19384}.Release|Any CPU.Build.0 = Release|Any CPU
		{21BAA6BA-16F7-4D6F-AB19-F08F1147836B}.Debug|Any CPU.ActiveCfg = Debug|Any CPU
		{21BAA6BA-16F7-4D6F-AB19-F08F1147836B}.Debug|Any CPU.Build.0 = Debug|Any CPU
		{21BAA6BA-16F7-4D6F-AB19-F08F1147836B}.Release|Any CPU.ActiveCfg = Release|Any CPU
		{21BAA6BA-16F7-4D6F-AB19-F08F1147836B}.Release|Any CPU.Build.0 = Release|Any CPU
		{4C0E7645-9C68-4941-8F43-3CE19356EC97}.Debug|Any CPU.ActiveCfg = Debug|Any CPU
		{4C0E7645-9C68-4941-8F43-3CE19356EC97}.Debug|Any CPU.Build.0 = Debug|Any CPU
		{4C0E7645-9C68-4941-8F43-3CE19356EC97}.Release|Any CPU.ActiveCfg = Release|Any CPU
		{4C0E7645-9C68-4941-8F43-3CE19356EC97}.Release|Any CPU.Build.0 = Release|Any CPU
		{F78B760F-4255-4F8D-9895-19132AF289D2}.Debug|Any CPU.ActiveCfg = Debug|Any CPU
		{F78B760F-4255-4F8D-9895-19132AF289D2}.Debug|Any CPU.Build.0 = Debug|Any CPU
		{F78B760F-4255-4F8D-9895-19132AF289D2}.Release|Any CPU.ActiveCfg = Release|Any CPU
		{F78B760F-4255-4F8D-9895-19132AF289D2}.Release|Any CPU.Build.0 = Release|Any CPU
		{259817A9-74DD-4632-B59C-827EF9BE0C4F}.Debug|Any CPU.ActiveCfg = Debug|Any CPU
		{259817A9-74DD-4632-B59C-827EF9BE0C4F}.Debug|Any CPU.Build.0 = Debug|Any CPU
		{259817A9-74DD-4632-B59C-827EF9BE0C4F}.Release|Any CPU.ActiveCfg = Release|Any CPU
		{259817A9-74DD-4632-B59C-827EF9BE0C4F}.Release|Any CPU.Build.0 = Release|Any CPU
		{5EFAE97C-9399-4ACC-A23B-CAADD0F25293}.Debug|Any CPU.ActiveCfg = Debug|Any CPU
		{5EFAE97C-9399-4ACC-A23B-CAADD0F25293}.Debug|Any CPU.Build.0 = Debug|Any CPU
		{5EFAE97C-9399-4ACC-A23B-CAADD0F25293}.Release|Any CPU.ActiveCfg = Release|Any CPU
		{5EFAE97C-9399-4ACC-A23B-CAADD0F25293}.Release|Any CPU.Build.0 = Release|Any CPU
		{041656BC-1247-4C57-ABC4-73F71A7D8CEC}.Debug|Any CPU.ActiveCfg = Debug|Any CPU
		{041656BC-1247-4C57-ABC4-73F71A7D8CEC}.Debug|Any CPU.Build.0 = Debug|Any CPU
		{041656BC-1247-4C57-ABC4-73F71A7D8CEC}.Release|Any CPU.ActiveCfg = Release|Any CPU
		{041656BC-1247-4C57-ABC4-73F71A7D8CEC}.Release|Any CPU.Build.0 = Release|Any CPU
		{0B3001B9-126C-403D-BF89-92E70623962E}.Debug|Any CPU.ActiveCfg = Debug|Any CPU
		{0B3001B9-126C-403D-BF89-92E70623962E}.Debug|Any CPU.Build.0 = Debug|Any CPU
		{0B3001B9-126C-403D-BF89-92E70623962E}.Release|Any CPU.ActiveCfg = Release|Any CPU
		{0B3001B9-126C-403D-BF89-92E70623962E}.Release|Any CPU.Build.0 = Release|Any CPU
		{ED5257D2-83DB-4830-8E11-A1B63E0ADF97}.Debug|Any CPU.ActiveCfg = Debug|Any CPU
		{ED5257D2-83DB-4830-8E11-A1B63E0ADF97}.Debug|Any CPU.Build.0 = Debug|Any CPU
		{ED5257D2-83DB-4830-8E11-A1B63E0ADF97}.Release|Any CPU.ActiveCfg = Release|Any CPU
		{ED5257D2-83DB-4830-8E11-A1B63E0ADF97}.Release|Any CPU.Build.0 = Release|Any CPU
		{6A93C272-15A7-48DE-B706-E45D43382F58}.Debug|Any CPU.ActiveCfg = Debug|Any CPU
		{6A93C272-15A7-48DE-B706-E45D43382F58}.Debug|Any CPU.Build.0 = Debug|Any CPU
		{6A93C272-15A7-48DE-B706-E45D43382F58}.Release|Any CPU.ActiveCfg = Release|Any CPU
		{6A93C272-15A7-48DE-B706-E45D43382F58}.Release|Any CPU.Build.0 = Release|Any CPU
	EndGlobalSection
	GlobalSection(SolutionProperties) = preSolution
		HideSolutionNode = FALSE
	EndGlobalSection
	GlobalSection(NestedProjects) = preSolution
		{EEA207D0-FC39-45B7-9C6F-1B7F9262B868} = {F9B6B0CE-1004-40F5-882C-141873249D8B}
		{2E86A721-D84A-492D-B755-03DB43D25F16} = {EEA207D0-FC39-45B7-9C6F-1B7F9262B868}
		{9D46B699-47B3-4079-A167-538C90F0401A} = {F9B6B0CE-1004-40F5-882C-141873249D8B}
		{13FAF128-3D57-401E-8379-083675933AC4} = {EEA207D0-FC39-45B7-9C6F-1B7F9262B868}
		{F41F553A-6BD1-4E3D-8B6E-BBA16A105E7D} = {EEA207D0-FC39-45B7-9C6F-1B7F9262B868}
		{7C202836-A660-42DB-B0F6-6637970FB9D9} = {EEA207D0-FC39-45B7-9C6F-1B7F9262B868}
		{6441BC1C-A9AF-4073-9DFE-098B0F4C927E} = {EEA207D0-FC39-45B7-9C6F-1B7F9262B868}
		{B54C67B3-6BC9-4533-913F-5E5E003D87A7} = {EEA207D0-FC39-45B7-9C6F-1B7F9262B868}
		{83E6A5A4-DA1C-4CF2-B21E-424FCD19CA5B} = {EEA207D0-FC39-45B7-9C6F-1B7F9262B868}
		{DEDD1FF4-A92E-426B-BDD7-06625AB319DB} = {EEA207D0-FC39-45B7-9C6F-1B7F9262B868}
		{C344AFBC-6A31-42B9-9CFA-BE749D5D3BAE} = {83F9226C-C144-4CD6-B058-88A0D16E18E1}
		{663F36B2-E7A6-4F0B-90CD-351CD58DCB70} = {C344AFBC-6A31-42B9-9CFA-BE749D5D3BAE}
		{73A278A3-8047-48C2-9043-A072F6375864} = {C344AFBC-6A31-42B9-9CFA-BE749D5D3BAE}
		{B15E26A1-F130-4DB2-8F89-285F20EDE062} = {C344AFBC-6A31-42B9-9CFA-BE749D5D3BAE}
		{36693E46-B489-45C1-AF5E-3E6CED76F981} = {C344AFBC-6A31-42B9-9CFA-BE749D5D3BAE}
		{913801BB-DF93-44E1-80E0-3DA515698624} = {C344AFBC-6A31-42B9-9CFA-BE749D5D3BAE}
		{4D5F8602-F0AA-4C31-8DA6-93D625502456} = {C344AFBC-6A31-42B9-9CFA-BE749D5D3BAE}
		{D97F8FBB-2085-4AC1-8193-1250959FE014} = {C344AFBC-6A31-42B9-9CFA-BE749D5D3BAE}
		{1EACE9DE-C9CB-48B3-999F-1BE5864ABE12} = {C344AFBC-6A31-42B9-9CFA-BE749D5D3BAE}
		{621269BD-8215-4EAE-9826-DB612C86B0FF} = {C344AFBC-6A31-42B9-9CFA-BE749D5D3BAE}
		{5CE3BBB5-2E2E-455F-A8A3-210A66402043} = {C344AFBC-6A31-42B9-9CFA-BE749D5D3BAE}
		{2325BAEC-D356-4295-9575-A59047FF47E9} = {83F9226C-C144-4CD6-B058-88A0D16E18E1}
		{C4DCAFFB-AF3C-4FCC-9BC5-41A1522C2522} = {2325BAEC-D356-4295-9575-A59047FF47E9}
		{1325E1FD-3945-405B-8DB6-B47198C6745B} = {2325BAEC-D356-4295-9575-A59047FF47E9}
		{5A87CD7E-DA35-4F29-8E41-91F91A940E80} = {2325BAEC-D356-4295-9575-A59047FF47E9}
		{1B0C9E0D-2927-434C-839F-91EBE5D666CF} = {83F9226C-C144-4CD6-B058-88A0D16E18E1}
		{DA0FC987-FAD1-413D-AC7C-51CBC7975841} = {2325BAEC-D356-4295-9575-A59047FF47E9}
		{5EE6DD43-9BDC-43C5-9A40-8585B406E4B4} = {2325BAEC-D356-4295-9575-A59047FF47E9}
		{5AD29E14-738C-4E0F-8D42-FBB9A9525EA4} = {2325BAEC-D356-4295-9575-A59047FF47E9}
		{685B1914-41FA-446E-8576-68F6EEA56D3F} = {2325BAEC-D356-4295-9575-A59047FF47E9}
		{4B5DB444-5B8F-4CA4-9673-47B0AA1F41A4} = {EEA207D0-FC39-45B7-9C6F-1B7F9262B868}
		{345DC539-5235-4E71-85B5-E9E0B8E19384} = {EEA207D0-FC39-45B7-9C6F-1B7F9262B868}
		{4B61A28C-83B8-459F-8FB3-095EA39C5276} = {F9B6B0CE-1004-40F5-882C-141873249D8B}
		{21BAA6BA-16F7-4D6F-AB19-F08F1147836B} = {4B61A28C-83B8-459F-8FB3-095EA39C5276}
		{4C0E7645-9C68-4941-8F43-3CE19356EC97} = {4B61A28C-83B8-459F-8FB3-095EA39C5276}
		{F78B760F-4255-4F8D-9895-19132AF289D2} = {4B61A28C-83B8-459F-8FB3-095EA39C5276}
		{259817A9-74DD-4632-B59C-827EF9BE0C4F} = {4B61A28C-83B8-459F-8FB3-095EA39C5276}
		{5EFAE97C-9399-4ACC-A23B-CAADD0F25293} = {4B61A28C-83B8-459F-8FB3-095EA39C5276}
		{041656BC-1247-4C57-ABC4-73F71A7D8CEC} = {4B61A28C-83B8-459F-8FB3-095EA39C5276}
		{0B3001B9-126C-403D-BF89-92E70623962E} = {4B61A28C-83B8-459F-8FB3-095EA39C5276}
		{ED5257D2-83DB-4830-8E11-A1B63E0ADF97} = {4B61A28C-83B8-459F-8FB3-095EA39C5276}
		{6A93C272-15A7-48DE-B706-E45D43382F58} = {4B61A28C-83B8-459F-8FB3-095EA39C5276}
	EndGlobalSection
	GlobalSection(ExtensibilityGlobals) = postSolution
		SolutionGuid = {21222DBD-576D-48FA-9519-578BE22A3CC1}
	EndGlobalSection
EndGlobal
